// !$*UTF8*$!
{
	archiveVersion = 1;
	classes = {
	};
	objectVersion = 46;
	objects = {

/* Begin PBXBuildFile section */
		C988FA8B154748DC002C8665 /* SimpleTableTextEditCell.h in Headers */ = {isa = PBXBuildFile; fileRef = C988FA89154748DC002C8665 /* SimpleTableTextEditCell.h */; };
		C988FA8C154748DC002C8665 /* SimpleTableTextEditCell.m in Sources */ = {isa = PBXBuildFile; fileRef = C988FA8A154748DC002C8665 /* SimpleTableTextEditCell.m */; };
		C9D57AE1152B0F9300846DB8 /* Foundation.framework in Frameworks */ = {isa = PBXBuildFile; fileRef = C9D57AE0152B0F9300846DB8 /* Foundation.framework */; };
		C9D57AEF152B0F9300846DB8 /* SenTestingKit.framework in Frameworks */ = {isa = PBXBuildFile; fileRef = C9D57AEE152B0F9300846DB8 /* SenTestingKit.framework */; };
		C9D57AF1152B0F9300846DB8 /* UIKit.framework in Frameworks */ = {isa = PBXBuildFile; fileRef = C9D57AF0152B0F9300846DB8 /* UIKit.framework */; };
		C9D57AF2152B0F9300846DB8 /* Foundation.framework in Frameworks */ = {isa = PBXBuildFile; fileRef = C9D57AE0152B0F9300846DB8 /* Foundation.framework */; };
		C9D57AF5152B0F9300846DB8 /* libSimpleTables.a in Frameworks */ = {isa = PBXBuildFile; fileRef = C9D57ADD152B0F9300846DB8 /* libSimpleTables.a */; };
		C9D57AFB152B0F9300846DB8 /* InfoPlist.strings in Resources */ = {isa = PBXBuildFile; fileRef = C9D57AF9152B0F9300846DB8 /* InfoPlist.strings */; };
		C9D57AFE152B0F9300846DB8 /* SimpleTablesTests.m in Sources */ = {isa = PBXBuildFile; fileRef = C9D57AFD152B0F9300846DB8 /* SimpleTablesTests.m */; };
		C9DE8B78152B1A0300101FB5 /* SimpleTableViewController.h in Headers */ = {isa = PBXBuildFile; fileRef = C9DE8B76152B1A0300101FB5 /* SimpleTableViewController.h */; };
		C9DE8B79152B1A0300101FB5 /* SimpleTableViewController.m in Sources */ = {isa = PBXBuildFile; fileRef = C9DE8B77152B1A0300101FB5 /* SimpleTableViewController.m */; };
		C9DE8B7D152B1AD000101FB5 /* SimpleTableSection.h in Headers */ = {isa = PBXBuildFile; fileRef = C9DE8B7B152B1ACF00101FB5 /* SimpleTableSection.h */; };
		C9DE8B7E152B1AD000101FB5 /* SimpleTableSection.m in Sources */ = {isa = PBXBuildFile; fileRef = C9DE8B7C152B1ACF00101FB5 /* SimpleTableSection.m */; };
		C9DE8B81152B1C2600101FB5 /* SimpleTableCell.h in Headers */ = {isa = PBXBuildFile; fileRef = C9DE8B7F152B1C2600101FB5 /* SimpleTableCell.h */; };
		C9DE8B82152B1C2600101FB5 /* SimpleTableCell.m in Sources */ = {isa = PBXBuildFile; fileRef = C9DE8B80152B1C2600101FB5 /* SimpleTableCell.m */; };
/* End PBXBuildFile section */

/* Begin PBXContainerItemProxy section */
		C9D57AF3152B0F9300846DB8 /* PBXContainerItemProxy */ = {
			isa = PBXContainerItemProxy;
			containerPortal = C9D57AD4152B0F9300846DB8 /* Project object */;
			proxyType = 1;
			remoteGlobalIDString = C9D57ADC152B0F9300846DB8;
			remoteInfo = SimpleTables;
		};
/* End PBXContainerItemProxy section */

/* Begin PBXFileReference section */
		C988FA89154748DC002C8665 /* SimpleTableTextEditCell.h */ = {isa = PBXFileReference; fileEncoding = 4; lastKnownFileType = sourcecode.c.h; path = SimpleTableTextEditCell.h; sourceTree = "<group>"; };
		C988FA8A154748DC002C8665 /* SimpleTableTextEditCell.m */ = {isa = PBXFileReference; fileEncoding = 4; lastKnownFileType = sourcecode.c.objc; path = SimpleTableTextEditCell.m; sourceTree = "<group>"; };
		C9D57ADD152B0F9300846DB8 /* libSimpleTables.a */ = {isa = PBXFileReference; explicitFileType = archive.ar; includeInIndex = 0; path = libSimpleTables.a; sourceTree = BUILT_PRODUCTS_DIR; };
		C9D57AE0152B0F9300846DB8 /* Foundation.framework */ = {isa = PBXFileReference; lastKnownFileType = wrapper.framework; name = Foundation.framework; path = System/Library/Frameworks/Foundation.framework; sourceTree = SDKROOT; };
		C9D57AE4152B0F9300846DB8 /* SimpleTables-Prefix.pch */ = {isa = PBXFileReference; lastKnownFileType = sourcecode.c.h; path = "SimpleTables-Prefix.pch"; sourceTree = "<group>"; };
		C9D57AED152B0F9300846DB8 /* SimpleTablesTests.octest */ = {isa = PBXFileReference; explicitFileType = wrapper.cfbundle; includeInIndex = 0; path = SimpleTablesTests.octest; sourceTree = BUILT_PRODUCTS_DIR; };
		C9D57AEE152B0F9300846DB8 /* SenTestingKit.framework */ = {isa = PBXFileReference; lastKnownFileType = wrapper.framework; name = SenTestingKit.framework; path = Library/Frameworks/SenTestingKit.framework; sourceTree = DEVELOPER_DIR; };
		C9D57AF0152B0F9300846DB8 /* UIKit.framework */ = {isa = PBXFileReference; lastKnownFileType = wrapper.framework; name = UIKit.framework; path = Library/Frameworks/UIKit.framework; sourceTree = DEVELOPER_DIR; };
		C9D57AF8152B0F9300846DB8 /* SimpleTablesTests-Info.plist */ = {isa = PBXFileReference; lastKnownFileType = text.plist.xml; path = "SimpleTablesTests-Info.plist"; sourceTree = "<group>"; };
		C9D57AFA152B0F9300846DB8 /* en */ = {isa = PBXFileReference; lastKnownFileType = text.plist.strings; name = en; path = en.lproj/InfoPlist.strings; sourceTree = "<group>"; };
		C9D57AFC152B0F9300846DB8 /* SimpleTablesTests.h */ = {isa = PBXFileReference; lastKnownFileType = sourcecode.c.h; path = SimpleTablesTests.h; sourceTree = "<group>"; };
		C9D57AFD152B0F9300846DB8 /* SimpleTablesTests.m */ = {isa = PBXFileReference; lastKnownFileType = sourcecode.c.objc; path = SimpleTablesTests.m; sourceTree = "<group>"; };
		C9DE8B76152B1A0300101FB5 /* SimpleTableViewController.h */ = {isa = PBXFileReference; fileEncoding = 4; lastKnownFileType = sourcecode.c.h; path = SimpleTableViewController.h; sourceTree = "<group>"; };
		C9DE8B77152B1A0300101FB5 /* SimpleTableViewController.m */ = {isa = PBXFileReference; fileEncoding = 4; lastKnownFileType = sourcecode.c.objc; path = SimpleTableViewController.m; sourceTree = "<group>"; };
		C9DE8B7B152B1ACF00101FB5 /* SimpleTableSection.h */ = {isa = PBXFileReference; fileEncoding = 4; lastKnownFileType = sourcecode.c.h; path = SimpleTableSection.h; sourceTree = "<group>"; };
		C9DE8B7C152B1ACF00101FB5 /* SimpleTableSection.m */ = {isa = PBXFileReference; fileEncoding = 4; lastKnownFileType = sourcecode.c.objc; path = SimpleTableSection.m; sourceTree = "<group>"; };
		C9DE8B7F152B1C2600101FB5 /* SimpleTableCell.h */ = {isa = PBXFileReference; fileEncoding = 4; lastKnownFileType = sourcecode.c.h; path = SimpleTableCell.h; sourceTree = "<group>"; };
		C9DE8B80152B1C2600101FB5 /* SimpleTableCell.m */ = {isa = PBXFileReference; fileEncoding = 4; lastKnownFileType = sourcecode.c.objc; path = SimpleTableCell.m; sourceTree = "<group>"; };
/* End PBXFileReference section */

/* Begin PBXFrameworksBuildPhase section */
		C9D57ADA152B0F9300846DB8 /* Frameworks */ = {
			isa = PBXFrameworksBuildPhase;
			buildActionMask = 2147483647;
			files = (
				C9D57AE1152B0F9300846DB8 /* Foundation.framework in Frameworks */,
			);
			runOnlyForDeploymentPostprocessing = 0;
		};
		C9D57AE9152B0F9300846DB8 /* Frameworks */ = {
			isa = PBXFrameworksBuildPhase;
			buildActionMask = 2147483647;
			files = (
				C9D57AEF152B0F9300846DB8 /* SenTestingKit.framework in Frameworks */,
				C9D57AF1152B0F9300846DB8 /* UIKit.framework in Frameworks */,
				C9D57AF2152B0F9300846DB8 /* Foundation.framework in Frameworks */,
				C9D57AF5152B0F9300846DB8 /* libSimpleTables.a in Frameworks */,
			);
			runOnlyForDeploymentPostprocessing = 0;
		};
/* End PBXFrameworksBuildPhase section */

/* Begin PBXGroup section */
		C9D57AD2152B0F9300846DB8 = {
			isa = PBXGroup;
			children = (
				C9D57AE2152B0F9300846DB8 /* SimpleTables */,
				C9D57AF6152B0F9300846DB8 /* SimpleTablesTests */,
				C9D57ADF152B0F9300846DB8 /* Frameworks */,
				C9D57ADE152B0F9300846DB8 /* Products */,
			);
			sourceTree = "<group>";
		};
		C9D57ADE152B0F9300846DB8 /* Products */ = {
			isa = PBXGroup;
			children = (
				C9D57ADD152B0F9300846DB8 /* libSimpleTables.a */,
				C9D57AED152B0F9300846DB8 /* SimpleTablesTests.octest */,
			);
			name = Products;
			sourceTree = "<group>";
		};
		C9D57ADF152B0F9300846DB8 /* Frameworks */ = {
			isa = PBXGroup;
			children = (
				C9D57AE0152B0F9300846DB8 /* Foundation.framework */,
				C9D57AEE152B0F9300846DB8 /* SenTestingKit.framework */,
				C9D57AF0152B0F9300846DB8 /* UIKit.framework */,
			);
			name = Frameworks;
			sourceTree = "<group>";
		};
		C9D57AE2152B0F9300846DB8 /* SimpleTables */ = {
			isa = PBXGroup;
			children = (
				C9D57AE3152B0F9300846DB8 /* Supporting Files */,
				C9DE8B76152B1A0300101FB5 /* SimpleTableViewController.h */,
				C9DE8B77152B1A0300101FB5 /* SimpleTableViewController.m */,
				C9DE8B7B152B1ACF00101FB5 /* SimpleTableSection.h */,
				C9DE8B7C152B1ACF00101FB5 /* SimpleTableSection.m */,
				C9DE8B7F152B1C2600101FB5 /* SimpleTableCell.h */,
				C9DE8B80152B1C2600101FB5 /* SimpleTableCell.m */,
				C988FA89154748DC002C8665 /* SimpleTableTextEditCell.h */,
				C988FA8A154748DC002C8665 /* SimpleTableTextEditCell.m */,
			);
			path = SimpleTables;
			sourceTree = "<group>";
		};
		C9D57AE3152B0F9300846DB8 /* Supporting Files */ = {
			isa = PBXGroup;
			children = (
				C9D57AE4152B0F9300846DB8 /* SimpleTables-Prefix.pch */,
			);
			name = "Supporting Files";
			sourceTree = "<group>";
		};
		C9D57AF6152B0F9300846DB8 /* SimpleTablesTests */ = {
			isa = PBXGroup;
			children = (
				C9D57AFC152B0F9300846DB8 /* SimpleTablesTests.h */,
				C9D57AFD152B0F9300846DB8 /* SimpleTablesTests.m */,
				C9D57AF7152B0F9300846DB8 /* Supporting Files */,
			);
			path = SimpleTablesTests;
			sourceTree = "<group>";
		};
		C9D57AF7152B0F9300846DB8 /* Supporting Files */ = {
			isa = PBXGroup;
			children = (
				C9D57AF8152B0F9300846DB8 /* SimpleTablesTests-Info.plist */,
				C9D57AF9152B0F9300846DB8 /* InfoPlist.strings */,
			);
			name = "Supporting Files";
			sourceTree = "<group>";
		};
/* End PBXGroup section */

/* Begin PBXHeadersBuildPhase section */
		C9D57ADB152B0F9300846DB8 /* Headers */ = {
			isa = PBXHeadersBuildPhase;
			buildActionMask = 2147483647;
			files = (
				C9DE8B78152B1A0300101FB5 /* SimpleTableViewController.h in Headers */,
				C9DE8B7D152B1AD000101FB5 /* SimpleTableSection.h in Headers */,
				C9DE8B81152B1C2600101FB5 /* SimpleTableCell.h in Headers */,
				C988FA8B154748DC002C8665 /* SimpleTableTextEditCell.h in Headers */,
			);
			runOnlyForDeploymentPostprocessing = 0;
		};
/* End PBXHeadersBuildPhase section */

/* Begin PBXNativeTarget section */
		C9D57ADC152B0F9300846DB8 /* SimpleTables */ = {
			isa = PBXNativeTarget;
			buildConfigurationList = C9D57B01152B0F9300846DB8 /* Build configuration list for PBXNativeTarget "SimpleTables" */;
			buildPhases = (
				C9D57AD9152B0F9300846DB8 /* Sources */,
				C9D57ADA152B0F9300846DB8 /* Frameworks */,
				C9D57ADB152B0F9300846DB8 /* Headers */,
			);
			buildRules = (
			);
			dependencies = (
			);
			name = SimpleTables;
			productName = SimpleTables;
			productReference = C9D57ADD152B0F9300846DB8 /* libSimpleTables.a */;
			productType = "com.apple.product-type.library.static";
		};
		C9D57AEC152B0F9300846DB8 /* SimpleTablesTests */ = {
			isa = PBXNativeTarget;
			buildConfigurationList = C9D57B04152B0F9300846DB8 /* Build configuration list for PBXNativeTarget "SimpleTablesTests" */;
			buildPhases = (
				C9D57AE8152B0F9300846DB8 /* Sources */,
				C9D57AE9152B0F9300846DB8 /* Frameworks */,
				C9D57AEA152B0F9300846DB8 /* Resources */,
				C9D57AEB152B0F9300846DB8 /* ShellScript */,
			);
			buildRules = (
			);
			dependencies = (
				C9D57AF4152B0F9300846DB8 /* PBXTargetDependency */,
			);
			name = SimpleTablesTests;
			productName = SimpleTablesTests;
			productReference = C9D57AED152B0F9300846DB8 /* SimpleTablesTests.octest */;
			productType = "com.apple.product-type.bundle";
		};
/* End PBXNativeTarget section */

/* Begin PBXProject section */
		C9D57AD4152B0F9300846DB8 /* Project object */ = {
			isa = PBXProject;
			attributes = {
				LastUpgradeCheck = 0430;
				ORGANIZATIONNAME = "Sound Evolution Pty Ltd";
			};
			buildConfigurationList = C9D57AD7152B0F9300846DB8 /* Build configuration list for PBXProject "SimpleTables" */;
			compatibilityVersion = "Xcode 3.2";
			developmentRegion = English;
			hasScannedForEncodings = 0;
			knownRegions = (
				en,
			);
			mainGroup = C9D57AD2152B0F9300846DB8;
			productRefGroup = C9D57ADE152B0F9300846DB8 /* Products */;
			projectDirPath = "";
			projectRoot = "";
			targets = (
				C9D57ADC152B0F9300846DB8 /* SimpleTables */,
				C9D57AEC152B0F9300846DB8 /* SimpleTablesTests */,
			);
		};
/* End PBXProject section */

/* Begin PBXResourcesBuildPhase section */
		C9D57AEA152B0F9300846DB8 /* Resources */ = {
			isa = PBXResourcesBuildPhase;
			buildActionMask = 2147483647;
			files = (
				C9D57AFB152B0F9300846DB8 /* InfoPlist.strings in Resources */,
			);
			runOnlyForDeploymentPostprocessing = 0;
		};
/* End PBXResourcesBuildPhase section */

/* Begin PBXShellScriptBuildPhase section */
		C9D57AEB152B0F9300846DB8 /* ShellScript */ = {
			isa = PBXShellScriptBuildPhase;
			buildActionMask = 2147483647;
			files = (
			);
			inputPaths = (
			);
			outputPaths = (
			);
			runOnlyForDeploymentPostprocessing = 0;
			shellPath = /bin/sh;
			shellScript = "# Run the unit tests in this test bundle.\n\"${SYSTEM_DEVELOPER_DIR}/Tools/RunUnitTests\"\n";
		};
/* End PBXShellScriptBuildPhase section */

/* Begin PBXSourcesBuildPhase section */
		C9D57AD9152B0F9300846DB8 /* Sources */ = {
			isa = PBXSourcesBuildPhase;
			buildActionMask = 2147483647;
			files = (
				C9DE8B79152B1A0300101FB5 /* SimpleTableViewController.m in Sources */,
				C9DE8B7E152B1AD000101FB5 /* SimpleTableSection.m in Sources */,
				C9DE8B82152B1C2600101FB5 /* SimpleTableCell.m in Sources */,
				C988FA8C154748DC002C8665 /* SimpleTableTextEditCell.m in Sources */,
			);
			runOnlyForDeploymentPostprocessing = 0;
		};
		C9D57AE8152B0F9300846DB8 /* Sources */ = {
			isa = PBXSourcesBuildPhase;
			buildActionMask = 2147483647;
			files = (
				C9D57AFE152B0F9300846DB8 /* SimpleTablesTests.m in Sources */,
			);
			runOnlyForDeploymentPostprocessing = 0;
		};
/* End PBXSourcesBuildPhase section */

/* Begin PBXTargetDependency section */
		C9D57AF4152B0F9300846DB8 /* PBXTargetDependency */ = {
			isa = PBXTargetDependency;
			target = C9D57ADC152B0F9300846DB8 /* SimpleTables */;
			targetProxy = C9D57AF3152B0F9300846DB8 /* PBXContainerItemProxy */;
		};
/* End PBXTargetDependency section */

/* Begin PBXVariantGroup section */
		C9D57AF9152B0F9300846DB8 /* InfoPlist.strings */ = {
			isa = PBXVariantGroup;
			children = (
				C9D57AFA152B0F9300846DB8 /* en */,
			);
			name = InfoPlist.strings;
			sourceTree = "<group>";
		};
/* End PBXVariantGroup section */

/* Begin XCBuildConfiguration section */
		C9D57AFF152B0F9300846DB8 /* Debug */ = {
			isa = XCBuildConfiguration;
			buildSettings = {
				ALWAYS_SEARCH_USER_PATHS = NO;
				ARCHS = "$(ARCHS_STANDARD_32_BIT)";
				CLANG_ENABLE_OBJC_ARC = YES;
				COPY_PHASE_STRIP = NO;
				GCC_C_LANGUAGE_STANDARD = gnu99;
				GCC_DYNAMIC_NO_PIC = NO;
				GCC_OPTIMIZATION_LEVEL = 0;
				GCC_PREPROCESSOR_DEFINITIONS = (
					"DEBUG=1",
					"$(inherited)",
				);
				GCC_SYMBOLS_PRIVATE_EXTERN = NO;
				GCC_VERSION = com.apple.compilers.llvm.clang.1_0;
				GCC_WARN_ABOUT_RETURN_TYPE = YES;
				GCC_WARN_UNINITIALIZED_AUTOS = YES;
				GCC_WARN_UNUSED_VARIABLE = YES;
				IPHONEOS_DEPLOYMENT_TARGET = 5.1;
				SDKROOT = iphoneos;
			};
			name = Debug;
		};
		C9D57B00152B0F9300846DB8 /* Release */ = {
			isa = XCBuildConfiguration;
			buildSettings = {
				ALWAYS_SEARCH_USER_PATHS = NO;
				ARCHS = "$(ARCHS_STANDARD_32_BIT)";
				CLANG_ENABLE_OBJC_ARC = YES;
				COPY_PHASE_STRIP = YES;
				GCC_C_LANGUAGE_STANDARD = gnu99;
				GCC_VERSION = com.apple.compilers.llvm.clang.1_0;
				GCC_WARN_ABOUT_RETURN_TYPE = YES;
				GCC_WARN_UNINITIALIZED_AUTOS = YES;
				GCC_WARN_UNUSED_VARIABLE = YES;
				IPHONEOS_DEPLOYMENT_TARGET = 5.1;
				SDKROOT = iphoneos;
				VALIDATE_PRODUCT = YES;
			};
			name = Release;
		};
		C9D57B02152B0F9300846DB8 /* Debug */ = {
			isa = XCBuildConfiguration;
			buildSettings = {
				DSTROOT = /tmp/SimpleTables.dst;
				GCC_PRECOMPILE_PREFIX_HEADER = YES;
				GCC_PREFIX_HEADER = "SimpleTables/SimpleTables-Prefix.pch";
				OTHER_LDFLAGS = "-ObjC";
				PRODUCT_NAME = "$(TARGET_NAME)";
				SKIP_INSTALL = YES;
			};
			name = Debug;
		};
		C9D57B03152B0F9300846DB8 /* Release */ = {
			isa = XCBuildConfiguration;
			buildSettings = {
				DSTROOT = /tmp/SimpleTables.dst;
				GCC_PRECOMPILE_PREFIX_HEADER = YES;
				GCC_PREFIX_HEADER = "SimpleTables/SimpleTables-Prefix.pch";
				OTHER_LDFLAGS = "-ObjC";
				PRODUCT_NAME = "$(TARGET_NAME)";
				SKIP_INSTALL = YES;
			};
			name = Release;
		};
		C9D57B05152B0F9300846DB8 /* Debug */ = {
			isa = XCBuildConfiguration;
			buildSettings = {
				FRAMEWORK_SEARCH_PATHS = (
					"$(SDKROOT)/Developer/Library/Frameworks",
					"$(DEVELOPER_LIBRARY_DIR)/Frameworks",
				);
				GCC_PRECOMPILE_PREFIX_HEADER = YES;
				GCC_PREFIX_HEADER = "SimpleTables/SimpleTables-Prefix.pch";
				INFOPLIST_FILE = "SimpleTablesTests/SimpleTablesTests-Info.plist";
				PRODUCT_NAME = "$(TARGET_NAME)";
				WRAPPER_EXTENSION = octest;
			};
			name = Debug;
		};
		C9D57B06152B0F9300846DB8 /* Release */ = {
			isa = XCBuildConfiguration;
			buildSettings = {
				FRAMEWORK_SEARCH_PATHS = (
					"$(SDKROOT)/Developer/Library/Frameworks",
					"$(DEVELOPER_LIBRARY_DIR)/Frameworks",
				);
				GCC_PRECOMPILE_PREFIX_HEADER = YES;
				GCC_PREFIX_HEADER = "SimpleTables/SimpleTables-Prefix.pch";
				INFOPLIST_FILE = "SimpleTablesTests/SimpleTablesTests-Info.plist";
				PRODUCT_NAME = "$(TARGET_NAME)";
				WRAPPER_EXTENSION = octest;
			};
			name = Release;
		};
/* End XCBuildConfiguration section */

/* Begin XCConfigurationList section */
		C9D57AD7152B0F9300846DB8 /* Build configuration list for PBXProject "SimpleTables" */ = {
			isa = XCConfigurationList;
			buildConfigurations = (
				C9D57AFF152B0F9300846DB8 /* Debug */,
				C9D57B00152B0F9300846DB8 /* Release */,
			);
			defaultConfigurationIsVisible = 0;
			defaultConfigurationName = Release;
		};
		C9D57B01152B0F9300846DB8 /* Build configuration list for PBXNativeTarget "SimpleTables" */ = {
			isa = XCConfigurationList;
			buildConfigurations = (
				C9D57B02152B0F9300846DB8 /* Debug */,
				C9D57B03152B0F9300846DB8 /* Release */,
			);
			defaultConfigurationIsVisible = 0;
			defaultConfigurationName = Release;
		};
		C9D57B04152B0F9300846DB8 /* Build configuration list for PBXNativeTarget "SimpleTablesTests" */ = {
			isa = XCConfigurationList;
			buildConfigurations = (
				C9D57B05152B0F9300846DB8 /* Debug */,
				C9D57B06152B0F9300846DB8 /* Release */,
			);
			defaultConfigurationIsVisible = 0;
			defaultConfigurationName = Release;
		};
/* End XCConfigurationList section */
	};
	rootObject = C9D57AD4152B0F9300846DB8 /* Project object */;
}
